
Microsoft Visual Studio Solution File, Format Version 12.00
# Visual Studio 15
VisualStudioVersion = 15.0.27130.2010
MinimumVisualStudioVersion = 10.0.40219.1
Project("{8BC9CEB8-8B4A-11D0-8D11-00A0C91BC942}") = "Listing4.3", "Listing4.3\Listing4.3.vcxproj", "{B5B556EE-8BF5-4635-8526-F85AA0792ED6}"
EndProject
Global
	GlobalSection(SolutionConfigurationPlatforms) = preSolution
		Debug|x64 = Debug|x64
		Debug|x86 = Debug|x86
		Release|x64 = Release|x64
		Release|x86 = Release|x86
	EndGlobalSection
	GlobalSection(ProjectConfigurationPlatforms) = postSolution
		{B5B556EE-8BF5-4635-8526-F85AA0792ED6}.Debug|x64.ActiveCfg = Debug|x64
		{B5B556EE-8BF5-4635-8526-F85AA0792ED6}.Debug|x64.Build.0 = Debug|x64
		{B5B556EE-8BF5-4635-8526-F85AA0792ED6}.Debug|x86.ActiveCfg = Debug|Win32
		{B5B556EE-8BF5-4635-8526-F85AA0792ED6}.Debug|x86.Build.0 = Debug|Win32
		{B5B556EE-8BF5-4635-8526-F85AA0792ED6}.Release|x64.ActiveCfg = Release|x64
		{B5B556EE-8BF5-4635-8526-F85AA0792ED6}.Release|x64.Build.0 = Release|x64
		{B5B556EE-8BF5-4635-8526-F85AA0792ED6}.Release|x86.ActiveCfg = Release|Win32
		{B5B556EE-8BF5-4635-8526-F85AA0792ED6}.Release|x86.Build.0 = Release|Win32
	EndGlobalSection
	GlobalSection(SolutionProperties) = preSolution
		HideSolutionNode = FALSE
	EndGlobalSection
	GlobalSection(ExtensibilityGlobals) = postSolution
		SolutionGuid = {2593BD08-FC80-4744-8286-EF7172E1E949}
	EndGlobalSection
EndGlobal
